
Microsoft Visual Studio Solution File, Format Version 12.00
# Visual Studio Version 16
VisualStudioVersion = 16.0.29230.47
MinimumVisualStudioVersion = 10.0.40219.1
Project("{FAE04EC0-301F-11D3-BF4B-00C04F79EFBC}") = "Wave_Project", "Wave_Project\Wave_Project.csproj", "{FA0F509C-B661-4809-BDA7-7125BEB82913}"
EndProject
Global
	GlobalSection(SolutionConfigurationPlatforms) = preSolution
		Debug|Any CPU = Debug|Any CPU
		Release|Any CPU = Release|Any CPU
	EndGlobalSection
	GlobalSection(ProjectConfigurationPlatforms) = postSolution
		{FA0F509C-B661-4809-BDA7-7125BEB82913}.Debug|Any CPU.ActiveCfg = Debug|Any CPU
		{FA0F509C-B661-4809-BDA7-7125BEB82913}.Debug|Any CPU.Build.0 = Debug|Any CPU
		{FA0F509C-B661-4809-BDA7-7125BEB82913}.Release|Any CPU.ActiveCfg = Release|Any CPU
		{FA0F509C-B661-4809-BDA7-7125BEB82913}.Release|Any CPU.Build.0 = Release|Any CPU
	EndGlobalSection
	GlobalSection(SolutionProperties) = preSolution
		HideSolutionNode = FALSE
	EndGlobalSection
	GlobalSection(ExtensibilityGlobals) = postSolution
		SolutionGuid = {3DBEB293-210E-428E-91B6-1D900BFD8154}
	EndGlobalSection
EndGlobal
